
Microsoft Visual Studio Solution File, Format Version 12.00
# Visual Studio Version 16
VisualStudioVersion = 16.0.29123.88
MinimumVisualStudioVersion = 10.0.40219.1
Project("{FAE04EC0-301F-11D3-BF4B-00C04F79EFBC}") = "Cw1", "Cw1.csproj", "{740B2FCF-E3D7-4EEA-ADAB-F8EE95F09BD5}"
EndProject
Global
	GlobalSection(SolutionConfigurationPlatforms) = preSolution
		Debug|Any CPU = Debug|Any CPU
		Release|Any CPU = Release|Any CPU
	EndGlobalSection
	GlobalSection(ProjectConfigurationPlatforms) = postSolution
		{740B2FCF-E3D7-4EEA-ADAB-F8EE95F09BD5}.Debug|Any CPU.ActiveCfg = Debug|Any CPU
		{740B2FCF-E3D7-4EEA-ADAB-F8EE95F09BD5}.Debug|Any CPU.Build.0 = Debug|Any CPU
		{740B2FCF-E3D7-4EEA-ADAB-F8EE95F09BD5}.Release|Any CPU.ActiveCfg = Release|Any CPU
		{740B2FCF-E3D7-4EEA-ADAB-F8EE95F09BD5}.Release|Any CPU.Build.0 = Release|Any CPU
	EndGlobalSection
	GlobalSection(SolutionProperties) = preSolution
		HideSolutionNode = FALSE
	EndGlobalSection
	GlobalSection(ExtensibilityGlobals) = postSolution
		SolutionGuid = {0B2968DB-F22D-4466-ACE3-2090FC471B2C}
	EndGlobalSection
EndGlobal
